
Microsoft Visual Studio Solution File, Format Version 12.00
# Visual Studio Version 16
VisualStudioVersion = 16.0.30907.101
MinimumVisualStudioVersion = 10.0.40219.1
Project("{9A19103F-16F7-4668-BE54-9A1E7A4F7556}") = "DevFreelaV2.API", "DevFreelaV2.API\DevFreelaV2.API.csproj", "{A9AC5DD3-C5DD-4272-AABA-F2D122994FB3}"
EndProject
Project("{9A19103F-16F7-4668-BE54-9A1E7A4F7556}") = "DevFreela.Domain", "DevFreela.Domain\DevFreela.Domain.csproj", "{F49125E7-DB45-40DA-BE1A-99F4A7804AA1}"
EndProject
Project("{9A19103F-16F7-4668-BE54-9A1E7A4F7556}") = "DevFreela.Infrastructure", "DevFreela.Infrastructure\DevFreela.Infrastructure.csproj", "{6B60C11F-B4C2-42B9-8A92-EFF2DFF210CA}"
EndProject
Project("{9A19103F-16F7-4668-BE54-9A1E7A4F7556}") = "DevFreela.Application", "DevFreela.Application\DevFreela.Application.csproj", "{C25752AC-6815-49B9-AB22-6AC9D1B0E50D}"
EndProject
Project("{9A19103F-16F7-4668-BE54-9A1E7A4F7556}") = "DevFreela.UnitTests", "DevFreela.UnitTests\DevFreela.UnitTests.csproj", "{88E9CE28-F0FD-4AB2-A97E-4EEB144FD3E5}"
EndProject
Global
	GlobalSection(SolutionConfigurationPlatforms) = preSolution
		Debug|Any CPU = Debug|Any CPU
		Release|Any CPU = Release|Any CPU
	EndGlobalSection
	GlobalSection(ProjectConfigurationPlatforms) = postSolution
		{A9AC5DD3-C5DD-4272-AABA-F2D122994FB3}.Debug|Any CPU.ActiveCfg = Debug|Any CPU
		{A9AC5DD3-C5DD-4272-AABA-F2D122994FB3}.Debug|Any CPU.Build.0 = Debug|Any CPU
		{A9AC5DD3-C5DD-4272-AABA-F2D122994FB3}.Release|Any CPU.ActiveCfg = Release|Any CPU
		{A9AC5DD3-C5DD-4272-AABA-F2D122994FB3}.Release|Any CPU.Build.0 = Release|Any CPU
		{F49125E7-DB45-40DA-BE1A-99F4A7804AA1}.Debug|Any CPU.ActiveCfg = Debug|Any CPU
		{F49125E7-DB45-40DA-BE1A-99F4A7804AA1}.Debug|Any CPU.Build.0 = Debug|Any CPU
		{F49125E7-DB45-40DA-BE1A-99F4A7804AA1}.Release|Any CPU.ActiveCfg = Release|Any CPU
		{F49125E7-DB45-40DA-BE1A-99F4A7804AA1}.Release|Any CPU.Build.0 = Release|Any CPU
		{6B60C11F-B4C2-42B9-8A92-EFF2DFF210CA}.Debug|Any CPU.ActiveCfg = Debug|Any CPU
		{6B60C11F-B4C2-42B9-8A92-EFF2DFF210CA}.Debug|Any CPU.Build.0 = Debug|Any CPU
		{6B60C11F-B4C2-42B9-8A92-EFF2DFF210CA}.Release|Any CPU.ActiveCfg = Release|Any CPU
		{6B60C11F-B4C2-42B9-8A92-EFF2DFF210CA}.Release|Any CPU.Build.0 = Release|Any CPU
		{C25752AC-6815-49B9-AB22-6AC9D1B0E50D}.Debug|Any CPU.ActiveCfg = Debug|Any CPU
		{C25752AC-6815-49B9-AB22-6AC9D1B0E50D}.Debug|Any CPU.Build.0 = Debug|Any CPU
		{C25752AC-6815-49B9-AB22-6AC9D1B0E50D}.Release|Any CPU.ActiveCfg = Release|Any CPU
		{C25752AC-6815-49B9-AB22-6AC9D1B0E50D}.Release|Any CPU.Build.0 = Release|Any CPU
		{88E9CE28-F0FD-4AB2-A97E-4EEB144FD3E5}.Debug|Any CPU.ActiveCfg = Debug|Any CPU
		{88E9CE28-F0FD-4AB2-A97E-4EEB144FD3E5}.Debug|Any CPU.Build.0 = Debug|Any CPU
		{88E9CE28-F0FD-4AB2-A97E-4EEB144FD3E5}.Release|Any CPU.ActiveCfg = Release|Any CPU
		{88E9CE28-F0FD-4AB2-A97E-4EEB144FD3E5}.Release|Any CPU.Build.0 = Release|Any CPU
	EndGlobalSection
	GlobalSection(SolutionProperties) = preSolution
		HideSolutionNode = FALSE
	EndGlobalSection
	GlobalSection(ExtensibilityGlobals) = postSolution
		SolutionGuid = {573881BD-C95C-45E4-94B0-B1D9F9218AD0}
	EndGlobalSection
EndGlobal
